
Microsoft Visual Studio Solution File, Format Version 12.00
# Visual Studio Version 17
VisualStudioVersion = 17.8.34525.116
MinimumVisualStudioVersion = 10.0.40219.1
Project("{FAE04EC0-301F-11D3-BF4B-00C04F79EFBC}") = "20240318_Interface", "20240318_Interface.csproj", "{A1BB1391-087C-48CC-85E2-D5DC81041C2C}"
EndProject
Global
	GlobalSection(SolutionConfigurationPlatforms) = preSolution
		Debug|Any CPU = Debug|Any CPU
		Release|Any CPU = Release|Any CPU
	EndGlobalSection
	GlobalSection(ProjectConfigurationPlatforms) = postSolution
		{A1BB1391-087C-48CC-85E2-D5DC81041C2C}.Debug|Any CPU.ActiveCfg = Debug|Any CPU
		{A1BB1391-087C-48CC-85E2-D5DC81041C2C}.Debug|Any CPU.Build.0 = Debug|Any CPU
		{A1BB1391-087C-48CC-85E2-D5DC81041C2C}.Release|Any CPU.ActiveCfg = Release|Any CPU
		{A1BB1391-087C-48CC-85E2-D5DC81041C2C}.Release|Any CPU.Build.0 = Release|Any CPU
	EndGlobalSection
	GlobalSection(SolutionProperties) = preSolution
		HideSolutionNode = FALSE
	EndGlobalSection
	GlobalSection(ExtensibilityGlobals) = postSolution
		SolutionGuid = {DFFC8D5F-F3DC-4921-9CE8-D6E774161460}
	EndGlobalSection
EndGlobal
